// !$*UTF8*$!
{
	archiveVersion = 1;
	classes = {
	};
	objectVersion = 51;
	objects = {

/* Begin PBXBuildFile section */
		71A150626BD73AF957B8D975 /* Pods_RxFiregram.framework in Frameworks */ = {isa = PBXBuildFile; fileRef = F0A37AC590F601814F0FD8C9 /* Pods_RxFiregram.framework */; };
		7F590165A924071C3B10ED20 /* Pods_RxFiregramTests.framework in Frameworks */ = {isa = PBXBuildFile; fileRef = 31F666251294E1DA6E17CD48 /* Pods_RxFiregramTests.framework */; };
		84AF3673CAD83D847414ABF2 /* Pods_RxFiregram_RxFiregramUITests.framework in Frameworks */ = {isa = PBXBuildFile; fileRef = 673D89F9A1C757A952DEF813 /* Pods_RxFiregram_RxFiregramUITests.framework */; };
		D00554482579D48E00EB5B50 /* Scene.swift in Sources */ = {isa = PBXBuildFile; fileRef = D00554472579D48E00EB5B50 /* Scene.swift */; };
		D005544D2579D49800EB5B50 /* SceneTransitionType.swift in Sources */ = {isa = PBXBuildFile; fileRef = D005544C2579D49800EB5B50 /* SceneTransitionType.swift */; };
		D00554522579D4A300EB5B50 /* SceneCoordinatorType.swift in Sources */ = {isa = PBXBuildFile; fileRef = D00554512579D4A300EB5B50 /* SceneCoordinatorType.swift */; };
		D00554572579D4AD00EB5B50 /* SceneCoordinator.swift in Sources */ = {isa = PBXBuildFile; fileRef = D00554562579D4AD00EB5B50 /* SceneCoordinator.swift */; };
		D005545C2579D53000EB5B50 /* Observable+Extensions.swift in Sources */ = {isa = PBXBuildFile; fileRef = D005545B2579D53000EB5B50 /* Observable+Extensions.swift */; };
		D00554642579D59B00EB5B50 /* AppDelegate+Injection.swift in Sources */ = {isa = PBXBuildFile; fileRef = D00554632579D59B00EB5B50 /* AppDelegate+Injection.swift */; };
		D005547C2579D62600EB5B50 /* ViewModelType.swift in Sources */ = {isa = PBXBuildFile; fileRef = D005547B2579D62600EB5B50 /* ViewModelType.swift */; };
		D00554812579D63E00EB5B50 /* BindableType.swift in Sources */ = {isa = PBXBuildFile; fileRef = D00554802579D63E00EB5B50 /* BindableType.swift */; };
		D00554862579D6FE00EB5B50 /* UIViewController+Rx.swift in Sources */ = {isa = PBXBuildFile; fileRef = D00554852579D6FE00EB5B50 /* UIViewController+Rx.swift */; };
		D005548B2579D76600EB5B50 /* Reactive+Extensions.swift in Sources */ = {isa = PBXBuildFile; fileRef = D005548A2579D76600EB5B50 /* Reactive+Extensions.swift */; };
		D00554BA257A536000EB5B50 /* InstagramLogo.swift in Sources */ = {isa = PBXBuildFile; fileRef = D00554B9257A536000EB5B50 /* InstagramLogo.swift */; };
		D00554BF257A536E00EB5B50 /* FormTextField.swift in Sources */ = {isa = PBXBuildFile; fileRef = D00554BE257A536E00EB5B50 /* FormTextField.swift */; };
		D00554C4257A538500EB5B50 /* FormButton.swift in Sources */ = {isa = PBXBuildFile; fileRef = D00554C3257A538500EB5B50 /* FormButton.swift */; };
		D00554C9257A53C400EB5B50 /* UIView+Extensions.swift in Sources */ = {isa = PBXBuildFile; fileRef = D00554C8257A53C400EB5B50 /* UIView+Extensions.swift */; };
		D02F9704257C4AA100F58B35 /* String+Extensions.swift in Sources */ = {isa = PBXBuildFile; fileRef = D02F9703257C4AA100F58B35 /* String+Extensions.swift */; };
		D02F9789257C541700F58B35 /* UILabel+Rx.swift in Sources */ = {isa = PBXBuildFile; fileRef = D02F9788257C541700F58B35 /* UILabel+Rx.swift */; };
		D02F97A2257D182E00F58B35 /* MockFirebaseService.swift in Sources */ = {isa = PBXBuildFile; fileRef = D02F97A1257D182E00F58B35 /* MockFirebaseService.swift */; };
		D02F97AA257D1B0200F58B35 /* AuthData.swift in Sources */ = {isa = PBXBuildFile; fileRef = D02F97A9257D1B0200F58B35 /* AuthData.swift */; };
		D02F97B7257D210500F58B35 /* SignUpViewModelTests.swift in Sources */ = {isa = PBXBuildFile; fileRef = D02F97B6257D210500F58B35 /* SignUpViewModelTests.swift */; };
		D02F9C84257F030500F58B35 /* ActivityIndicator.swift in Sources */ = {isa = PBXBuildFile; fileRef = D02F9C83257F030500F58B35 /* ActivityIndicator.swift */; };
		D02F9C89257F031E00F58B35 /* ErrorTracker.swift in Sources */ = {isa = PBXBuildFile; fileRef = D02F9C88257F031E00F58B35 /* ErrorTracker.swift */; };
		D02F9C8E257F04C900F58B35 /* UITextField+Rx.swift in Sources */ = {isa = PBXBuildFile; fileRef = D02F9C8D257F04C900F58B35 /* UITextField+Rx.swift */; };
		D0342E2E258C2E8600D75599 /* SignUpViewController.swift in Sources */ = {isa = PBXBuildFile; fileRef = D0342E2D258C2E8600D75599 /* SignUpViewController.swift */; };
		D0342E33258C2F0D00D75599 /* SignUpViewModel.swift in Sources */ = {isa = PBXBuildFile; fileRef = D0342E32258C2F0D00D75599 /* SignUpViewModel.swift */; };
		D0342E3B258C3FA600D75599 /* BackButton.swift in Sources */ = {isa = PBXBuildFile; fileRef = D0342E3A258C3FA600D75599 /* BackButton.swift */; };
		D0342E46258C40D900D75599 /* FormLabel.swift in Sources */ = {isa = PBXBuildFile; fileRef = D0342E45258C40D900D75599 /* FormLabel.swift */; };
		D0342E4B258C413000D75599 /* FormView.swift in Sources */ = {isa = PBXBuildFile; fileRef = D0342E4A258C413000D75599 /* FormView.swift */; };
		D0342E75258D8A6000D75599 /* LandingViewController.swift in Sources */ = {isa = PBXBuildFile; fileRef = D0342E74258D8A6000D75599 /* LandingViewController.swift */; };
		D0342E7A258D8A6A00D75599 /* LandingViewModel.swift in Sources */ = {isa = PBXBuildFile; fileRef = D0342E79258D8A6A00D75599 /* LandingViewModel.swift */; };
		D0342E7F258D8A7100D75599 /* LandingView.swift in Sources */ = {isa = PBXBuildFile; fileRef = D0342E7E258D8A7100D75599 /* LandingView.swift */; };
		D0342E84258E349200D75599 /* SignInView.swift in Sources */ = {isa = PBXBuildFile; fileRef = D0342E83258E349200D75599 /* SignInView.swift */; };
		D0342E8C258E380400D75599 /* SignInViewModel.swift in Sources */ = {isa = PBXBuildFile; fileRef = D0342E8B258E380400D75599 /* SignInViewModel.swift */; };
		D0342EB1258EBCF100D75599 /* SignUpView.swift in Sources */ = {isa = PBXBuildFile; fileRef = D0342EB0258EBCF100D75599 /* SignUpView.swift */; };
		D0342EB6258EBDE300D75599 /* ScrollView+Rx.swift in Sources */ = {isa = PBXBuildFile; fileRef = D0342EB5258EBDE300D75599 /* ScrollView+Rx.swift */; };
		D04A22A1257C184300BEDED2 /* Resources.swift in Sources */ = {isa = PBXBuildFile; fileRef = D04A22A0257C184300BEDED2 /* Resources.swift */; };
		D04A22A6257C18E800BEDED2 /* ErrorLabel.swift in Sources */ = {isa = PBXBuildFile; fileRef = D04A22A5257C18E800BEDED2 /* ErrorLabel.swift */; };
		D04A22AC257C205F00BEDED2 /* SignInViewController.swift in Sources */ = {isa = PBXBuildFile; fileRef = D04A22AB257C205F00BEDED2 /* SignInViewController.swift */; };
		D04A22B4257C246C00BEDED2 /* UIButton+Rx.swift in Sources */ = {isa = PBXBuildFile; fileRef = D04A22B3257C246C00BEDED2 /* UIButton+Rx.swift */; };
		D04A22B9257C27C300BEDED2 /* FirebaseService.swift in Sources */ = {isa = PBXBuildFile; fileRef = D04A22B8257C27C300BEDED2 /* FirebaseService.swift */; };
		D04A22C3257C27D300BEDED2 /* FirebaseServiceType.swift in Sources */ = {isa = PBXBuildFile; fileRef = D04A22C2257C27D300BEDED2 /* FirebaseServiceType.swift */; };
		D04A239D257C2B9F00BEDED2 /* GoogleService-Info.plist in Resources */ = {isa = PBXBuildFile; fileRef = D04A239C257C2B9F00BEDED2 /* GoogleService-Info.plist */; };
		D04A23A6257C2BF000BEDED2 /* User.swift in Sources */ = {isa = PBXBuildFile; fileRef = D04A23A5257C2BF000BEDED2 /* User.swift */; };
		D0AD663625772D4700AF6BC1 /* AppDelegate.swift in Sources */ = {isa = PBXBuildFile; fileRef = D0AD663525772D4700AF6BC1 /* AppDelegate.swift */; };
		D0AD663F25772D4800AF6BC1 /* Assets.xcassets in Resources */ = {isa = PBXBuildFile; fileRef = D0AD663E25772D4800AF6BC1 /* Assets.xcassets */; };
		D0AD664225772D4800AF6BC1 /* LaunchScreen.storyboard in Resources */ = {isa = PBXBuildFile; fileRef = D0AD664025772D4800AF6BC1 /* LaunchScreen.storyboard */; };
		D0AD664D25772D4900AF6BC1 /* RxFiregramTests.swift in Sources */ = {isa = PBXBuildFile; fileRef = D0AD664C25772D4900AF6BC1 /* RxFiregramTests.swift */; };
		D0AD665825772D4900AF6BC1 /* RxFiregramUITests.swift in Sources */ = {isa = PBXBuildFile; fileRef = D0AD665725772D4900AF6BC1 /* RxFiregramUITests.swift */; };
		D0AD668125772ED700AF6BC1 /* ViewController.swift in Sources */ = {isa = PBXBuildFile; fileRef = D0AD668025772ED700AF6BC1 /* ViewController.swift */; };
		D0B41B9F2586910D00DDE0FA /* ValidationService.swift in Sources */ = {isa = PBXBuildFile; fileRef = D0B41B9E2586910D00DDE0FA /* ValidationService.swift */; };
		D0B41BA42586913800DDE0FA /* ValidationServiceType.swift in Sources */ = {isa = PBXBuildFile; fileRef = D0B41BA32586913800DDE0FA /* ValidationServiceType.swift */; };
/* End PBXBuildFile section */

/* Begin PBXContainerItemProxy section */
		D0AD664925772D4900AF6BC1 /* PBXContainerItemProxy */ = {
			isa = PBXContainerItemProxy;
			containerPortal = D0AD662A25772D4700AF6BC1 /* Project object */;
			proxyType = 1;
			remoteGlobalIDString = D0AD663125772D4700AF6BC1;
			remoteInfo = RxFiregram;
		};
		D0AD665425772D4900AF6BC1 /* PBXContainerItemProxy */ = {
			isa = PBXContainerItemProxy;
			containerPortal = D0AD662A25772D4700AF6BC1 /* Project object */;
			proxyType = 1;
			remoteGlobalIDString = D0AD663125772D4700AF6BC1;
			remoteInfo = RxFiregram;
		};
/* End PBXContainerItemProxy section */

/* Begin PBXFileReference section */
		03AB97867766D09D307D4A83 /* Pods-RxFiregramTests.debug.xcconfig */ = {isa = PBXFileReference; includeInIndex = 1; lastKnownFileType = text.xcconfig; name = "Pods-RxFiregramTests.debug.xcconfig"; path = "Target Support Files/Pods-RxFiregramTests/Pods-RxFiregramTests.debug.xcconfig"; sourceTree = "<group>"; };
		2A3AA1E97F26631AA50AEDD4 /* Pods-RxFiregram.testing.xcconfig */ = {isa = PBXFileReference; includeInIndex = 1; lastKnownFileType = text.xcconfig; name = "Pods-RxFiregram.testing.xcconfig"; path = "Target Support Files/Pods-RxFiregram/Pods-RxFiregram.testing.xcconfig"; sourceTree = "<group>"; };
		31F666251294E1DA6E17CD48 /* Pods_RxFiregramTests.framework */ = {isa = PBXFileReference; explicitFileType = wrapper.framework; includeInIndex = 0; path = Pods_RxFiregramTests.framework; sourceTree = BUILT_PRODUCTS_DIR; };
		355A69B1FEB2E981ED555C06 /* Pods-RxFiregramTests.release.xcconfig */ = {isa = PBXFileReference; includeInIndex = 1; lastKnownFileType = text.xcconfig; name = "Pods-RxFiregramTests.release.xcconfig"; path = "Target Support Files/Pods-RxFiregramTests/Pods-RxFiregramTests.release.xcconfig"; sourceTree = "<group>"; };
		673D89F9A1C757A952DEF813 /* Pods_RxFiregram_RxFiregramUITests.framework */ = {isa = PBXFileReference; explicitFileType = wrapper.framework; includeInIndex = 0; path = Pods_RxFiregram_RxFiregramUITests.framework; sourceTree = BUILT_PRODUCTS_DIR; };
		67909FF36F6908237E343915 /* Pods-RxFiregram.test.xcconfig */ = {isa = PBXFileReference; includeInIndex = 1; lastKnownFileType = text.xcconfig; name = "Pods-RxFiregram.test.xcconfig"; path = "Target Support Files/Pods-RxFiregram/Pods-RxFiregram.test.xcconfig"; sourceTree = "<group>"; };
		6E0226416E341264E997DF28 /* Pods-RxFiregram.release.xcconfig */ = {isa = PBXFileReference; includeInIndex = 1; lastKnownFileType = text.xcconfig; name = "Pods-RxFiregram.release.xcconfig"; path = "Target Support Files/Pods-RxFiregram/Pods-RxFiregram.release.xcconfig"; sourceTree = "<group>"; };
		804DB5C3A037838A487E2A83 /* Pods-RxFiregram-RxFiregramUITests.debug.xcconfig */ = {isa = PBXFileReference; includeInIndex = 1; lastKnownFileType = text.xcconfig; name = "Pods-RxFiregram-RxFiregramUITests.debug.xcconfig"; path = "Target Support Files/Pods-RxFiregram-RxFiregramUITests/Pods-RxFiregram-RxFiregramUITests.debug.xcconfig"; sourceTree = "<group>"; };
		A21C783A46DC3863B7973274 /* Pods-RxFiregram-RxFiregramUITests.release.xcconfig */ = {isa = PBXFileReference; includeInIndex = 1; lastKnownFileType = text.xcconfig; name = "Pods-RxFiregram-RxFiregramUITests.release.xcconfig"; path = "Target Support Files/Pods-RxFiregram-RxFiregramUITests/Pods-RxFiregram-RxFiregramUITests.release.xcconfig"; sourceTree = "<group>"; };
		B85088B9725AFF3D893367F2 /* Pods-RxFiregramTests.testing.xcconfig */ = {isa = PBXFileReference; includeInIndex = 1; lastKnownFileType = text.xcconfig; name = "Pods-RxFiregramTests.testing.xcconfig"; path = "Target Support Files/Pods-RxFiregramTests/Pods-RxFiregramTests.testing.xcconfig"; sourceTree = "<group>"; };
		D00554472579D48E00EB5B50 /* Scene.swift */ = {isa = PBXFileReference; lastKnownFileType = sourcecode.swift; path = Scene.swift; sourceTree = "<group>"; };
		D005544C2579D49800EB5B50 /* SceneTransitionType.swift */ = {isa = PBXFileReference; lastKnownFileType = sourcecode.swift; path = SceneTransitionType.swift; sourceTree = "<group>"; };
		D00554512579D4A300EB5B50 /* SceneCoordinatorType.swift */ = {isa = PBXFileReference; lastKnownFileType = sourcecode.swift; path = SceneCoordinatorType.swift; sourceTree = "<group>"; };
		D00554562579D4AD00EB5B50 /* SceneCoordinator.swift */ = {isa = PBXFileReference; lastKnownFileType = sourcecode.swift; path = SceneCoordinator.swift; sourceTree = "<group>"; };
		D005545B2579D53000EB5B50 /* Observable+Extensions.swift */ = {isa = PBXFileReference; lastKnownFileType = sourcecode.swift; path = "Observable+Extensions.swift"; sourceTree = "<group>"; };
		D00554632579D59B00EB5B50 /* AppDelegate+Injection.swift */ = {isa = PBXFileReference; lastKnownFileType = sourcecode.swift; path = "AppDelegate+Injection.swift"; sourceTree = "<group>"; };
		D005547B2579D62600EB5B50 /* ViewModelType.swift */ = {isa = PBXFileReference; lastKnownFileType = sourcecode.swift; path = ViewModelType.swift; sourceTree = "<group>"; };
		D00554802579D63E00EB5B50 /* BindableType.swift */ = {isa = PBXFileReference; lastKnownFileType = sourcecode.swift; path = BindableType.swift; sourceTree = "<group>"; };
		D00554852579D6FE00EB5B50 /* UIViewController+Rx.swift */ = {isa = PBXFileReference; lastKnownFileType = sourcecode.swift; path = "UIViewController+Rx.swift"; sourceTree = "<group>"; };
		D005548A2579D76600EB5B50 /* Reactive+Extensions.swift */ = {isa = PBXFileReference; lastKnownFileType = sourcecode.swift; path = "Reactive+Extensions.swift"; sourceTree = "<group>"; };
		D00554B9257A536000EB5B50 /* InstagramLogo.swift */ = {isa = PBXFileReference; lastKnownFileType = sourcecode.swift; path = InstagramLogo.swift; sourceTree = "<group>"; };
		D00554BE257A536E00EB5B50 /* FormTextField.swift */ = {isa = PBXFileReference; lastKnownFileType = sourcecode.swift; path = FormTextField.swift; sourceTree = "<group>"; };
		D00554C3257A538500EB5B50 /* FormButton.swift */ = {isa = PBXFileReference; lastKnownFileType = sourcecode.swift; path = FormButton.swift; sourceTree = "<group>"; };
		D00554C8257A53C400EB5B50 /* UIView+Extensions.swift */ = {isa = PBXFileReference; lastKnownFileType = sourcecode.swift; path = "UIView+Extensions.swift"; sourceTree = "<group>"; };
		D02F9703257C4AA100F58B35 /* String+Extensions.swift */ = {isa = PBXFileReference; lastKnownFileType = sourcecode.swift; path = "String+Extensions.swift"; sourceTree = "<group>"; };
		D02F9788257C541700F58B35 /* UILabel+Rx.swift */ = {isa = PBXFileReference; lastKnownFileType = sourcecode.swift; path = "UILabel+Rx.swift"; sourceTree = "<group>"; };
		D02F97A1257D182E00F58B35 /* MockFirebaseService.swift */ = {isa = PBXFileReference; lastKnownFileType = sourcecode.swift; path = MockFirebaseService.swift; sourceTree = "<group>"; };
		D02F97A9257D1B0200F58B35 /* AuthData.swift */ = {isa = PBXFileReference; lastKnownFileType = sourcecode.swift; path = AuthData.swift; sourceTree = "<group>"; };
		D02F97B6257D210500F58B35 /* SignUpViewModelTests.swift */ = {isa = PBXFileReference; lastKnownFileType = sourcecode.swift; path = SignUpViewModelTests.swift; sourceTree = "<group>"; };
		D02F9C83257F030500F58B35 /* ActivityIndicator.swift */ = {isa = PBXFileReference; lastKnownFileType = sourcecode.swift; path = ActivityIndicator.swift; sourceTree = "<group>"; };
		D02F9C88257F031E00F58B35 /* ErrorTracker.swift */ = {isa = PBXFileReference; lastKnownFileType = sourcecode.swift; path = ErrorTracker.swift; sourceTree = "<group>"; };
		D02F9C8D257F04C900F58B35 /* UITextField+Rx.swift */ = {isa = PBXFileReference; lastKnownFileType = sourcecode.swift; path = "UITextField+Rx.swift"; sourceTree = "<group>"; };
		D0342E2D258C2E8600D75599 /* SignUpViewController.swift */ = {isa = PBXFileReference; lastKnownFileType = sourcecode.swift; path = SignUpViewController.swift; sourceTree = "<group>"; };
		D0342E32258C2F0D00D75599 /* SignUpViewModel.swift */ = {isa = PBXFileReference; lastKnownFileType = sourcecode.swift; path = SignUpViewModel.swift; sourceTree = "<group>"; };
		D0342E3A258C3FA600D75599 /* BackButton.swift */ = {isa = PBXFileReference; lastKnownFileType = sourcecode.swift; path = BackButton.swift; sourceTree = "<group>"; };
		D0342E45258C40D900D75599 /* FormLabel.swift */ = {isa = PBXFileReference; lastKnownFileType = sourcecode.swift; path = FormLabel.swift; sourceTree = "<group>"; };
		D0342E4A258C413000D75599 /* FormView.swift */ = {isa = PBXFileReference; lastKnownFileType = sourcecode.swift; path = FormView.swift; sourceTree = "<group>"; };
		D0342E74258D8A6000D75599 /* LandingViewController.swift */ = {isa = PBXFileReference; lastKnownFileType = sourcecode.swift; path = LandingViewController.swift; sourceTree = "<group>"; };
		D0342E79258D8A6A00D75599 /* LandingViewModel.swift */ = {isa = PBXFileReference; lastKnownFileType = sourcecode.swift; path = LandingViewModel.swift; sourceTree = "<group>"; };
		D0342E7E258D8A7100D75599 /* LandingView.swift */ = {isa = PBXFileReference; lastKnownFileType = sourcecode.swift; path = LandingView.swift; sourceTree = "<group>"; };
		D0342E83258E349200D75599 /* SignInView.swift */ = {isa = PBXFileReference; lastKnownFileType = sourcecode.swift; path = SignInView.swift; sourceTree = "<group>"; };
		D0342E8B258E380400D75599 /* SignInViewModel.swift */ = {isa = PBXFileReference; lastKnownFileType = sourcecode.swift; path = SignInViewModel.swift; sourceTree = "<group>"; };
		D0342EB0258EBCF100D75599 /* SignUpView.swift */ = {isa = PBXFileReference; lastKnownFileType = sourcecode.swift; path = SignUpView.swift; sourceTree = "<group>"; };
		D0342EB5258EBDE300D75599 /* ScrollView+Rx.swift */ = {isa = PBXFileReference; lastKnownFileType = sourcecode.swift; path = "ScrollView+Rx.swift"; sourceTree = "<group>"; };
		D04A22A0257C184300BEDED2 /* Resources.swift */ = {isa = PBXFileReference; lastKnownFileType = sourcecode.swift; path = Resources.swift; sourceTree = "<group>"; };
		D04A22A5257C18E800BEDED2 /* ErrorLabel.swift */ = {isa = PBXFileReference; lastKnownFileType = sourcecode.swift; path = ErrorLabel.swift; sourceTree = "<group>"; };
		D04A22AB257C205F00BEDED2 /* SignInViewController.swift */ = {isa = PBXFileReference; lastKnownFileType = sourcecode.swift; path = SignInViewController.swift; sourceTree = "<group>"; };
		D04A22B3257C246C00BEDED2 /* UIButton+Rx.swift */ = {isa = PBXFileReference; lastKnownFileType = sourcecode.swift; path = "UIButton+Rx.swift"; sourceTree = "<group>"; };
		D04A22B8257C27C300BEDED2 /* FirebaseService.swift */ = {isa = PBXFileReference; lastKnownFileType = sourcecode.swift; path = FirebaseService.swift; sourceTree = "<group>"; };
		D04A22C2257C27D300BEDED2 /* FirebaseServiceType.swift */ = {isa = PBXFileReference; lastKnownFileType = sourcecode.swift; path = FirebaseServiceType.swift; sourceTree = "<group>"; };
		D04A239C257C2B9F00BEDED2 /* GoogleService-Info.plist */ = {isa = PBXFileReference; fileEncoding = 4; lastKnownFileType = text.plist.xml; path = "GoogleService-Info.plist"; sourceTree = "<group>"; };
		D04A23A5257C2BF000BEDED2 /* User.swift */ = {isa = PBXFileReference; lastKnownFileType = sourcecode.swift; path = User.swift; sourceTree = "<group>"; };
		D0AD663225772D4700AF6BC1 /* RxFiregram.app */ = {isa = PBXFileReference; explicitFileType = wrapper.application; includeInIndex = 0; path = RxFiregram.app; sourceTree = BUILT_PRODUCTS_DIR; };
		D0AD663525772D4700AF6BC1 /* AppDelegate.swift */ = {isa = PBXFileReference; lastKnownFileType = sourcecode.swift; path = AppDelegate.swift; sourceTree = "<group>"; };
		D0AD663E25772D4800AF6BC1 /* Assets.xcassets */ = {isa = PBXFileReference; lastKnownFileType = folder.assetcatalog; path = Assets.xcassets; sourceTree = "<group>"; };
		D0AD664125772D4800AF6BC1 /* Base */ = {isa = PBXFileReference; lastKnownFileType = file.storyboard; name = Base; path = Base.lproj/LaunchScreen.storyboard; sourceTree = "<group>"; };
		D0AD664325772D4800AF6BC1 /* Info.plist */ = {isa = PBXFileReference; lastKnownFileType = text.plist.xml; path = Info.plist; sourceTree = "<group>"; };
		D0AD664825772D4900AF6BC1 /* RxFiregramTests.xctest */ = {isa = PBXFileReference; explicitFileType = wrapper.cfbundle; includeInIndex = 0; path = RxFiregramTests.xctest; sourceTree = BUILT_PRODUCTS_DIR; };
		D0AD664C25772D4900AF6BC1 /* RxFiregramTests.swift */ = {isa = PBXFileReference; lastKnownFileType = sourcecode.swift; path = RxFiregramTests.swift; sourceTree = "<group>"; };
		D0AD664E25772D4900AF6BC1 /* Info.plist */ = {isa = PBXFileReference; lastKnownFileType = text.plist.xml; path = Info.plist; sourceTree = "<group>"; };
		D0AD665325772D4900AF6BC1 /* RxFiregramUITests.xctest */ = {isa = PBXFileReference; explicitFileType = wrapper.cfbundle; includeInIndex = 0; path = RxFiregramUITests.xctest; sourceTree = BUILT_PRODUCTS_DIR; };
		D0AD665725772D4900AF6BC1 /* RxFiregramUITests.swift */ = {isa = PBXFileReference; lastKnownFileType = sourcecode.swift; path = RxFiregramUITests.swift; sourceTree = "<group>"; };
		D0AD665925772D4900AF6BC1 /* Info.plist */ = {isa = PBXFileReference; lastKnownFileType = text.plist.xml; path = Info.plist; sourceTree = "<group>"; };
		D0AD668025772ED700AF6BC1 /* ViewController.swift */ = {isa = PBXFileReference; lastKnownFileType = sourcecode.swift; path = ViewController.swift; sourceTree = "<group>"; };
		D0B41B9E2586910D00DDE0FA /* ValidationService.swift */ = {isa = PBXFileReference; lastKnownFileType = sourcecode.swift; path = ValidationService.swift; sourceTree = "<group>"; };
		D0B41BA32586913800DDE0FA /* ValidationServiceType.swift */ = {isa = PBXFileReference; lastKnownFileType = sourcecode.swift; path = ValidationServiceType.swift; sourceTree = "<group>"; };
		DCEE196654A1AF15BCC0C430 /* Pods-RxFiregram.debug.xcconfig */ = {isa = PBXFileReference; includeInIndex = 1; lastKnownFileType = text.xcconfig; name = "Pods-RxFiregram.debug.xcconfig"; path = "Target Support Files/Pods-RxFiregram/Pods-RxFiregram.debug.xcconfig"; sourceTree = "<group>"; };
		E136917C49DC152C07BA19DE /* Pods-RxFiregram-RxFiregramUITests.testing.xcconfig */ = {isa = PBXFileReference; includeInIndex = 1; lastKnownFileType = text.xcconfig; name = "Pods-RxFiregram-RxFiregramUITests.testing.xcconfig"; path = "Target Support Files/Pods-RxFiregram-RxFiregramUITests/Pods-RxFiregram-RxFiregramUITests.testing.xcconfig"; sourceTree = "<group>"; };
		EE0B71BC1A2C3673CA8A3942 /* Pods-RxFiregramTests.test.xcconfig */ = {isa = PBXFileReference; includeInIndex = 1; lastKnownFileType = text.xcconfig; name = "Pods-RxFiregramTests.test.xcconfig"; path = "Target Support Files/Pods-RxFiregramTests/Pods-RxFiregramTests.test.xcconfig"; sourceTree = "<group>"; };
		EF2E7B232C6D59193F487B7B /* Pods-RxFiregram-RxFiregramUITests.test.xcconfig */ = {isa = PBXFileReference; includeInIndex = 1; lastKnownFileType = text.xcconfig; name = "Pods-RxFiregram-RxFiregramUITests.test.xcconfig"; path = "Target Support Files/Pods-RxFiregram-RxFiregramUITests/Pods-RxFiregram-RxFiregramUITests.test.xcconfig"; sourceTree = "<group>"; };
		F0A37AC590F601814F0FD8C9 /* Pods_RxFiregram.framework */ = {isa = PBXFileReference; explicitFileType = wrapper.framework; includeInIndex = 0; path = Pods_RxFiregram.framework; sourceTree = BUILT_PRODUCTS_DIR; };
/* End PBXFileReference section */

/* Begin PBXFrameworksBuildPhase section */
		D0AD662F25772D4700AF6BC1 /* Frameworks */ = {
			isa = PBXFrameworksBuildPhase;
			buildActionMask = 2147483647;
			files = (
				71A150626BD73AF957B8D975 /* Pods_RxFiregram.framework in Frameworks */,
			);
			runOnlyForDeploymentPostprocessing = 0;
		};
		D0AD664525772D4900AF6BC1 /* Frameworks */ = {
			isa = PBXFrameworksBuildPhase;
			buildActionMask = 2147483647;
			files = (
				7F590165A924071C3B10ED20 /* Pods_RxFiregramTests.framework in Frameworks */,
			);
			runOnlyForDeploymentPostprocessing = 0;
		};
		D0AD665025772D4900AF6BC1 /* Frameworks */ = {
			isa = PBXFrameworksBuildPhase;
			buildActionMask = 2147483647;
			files = (
				84AF3673CAD83D847414ABF2 /* Pods_RxFiregram_RxFiregramUITests.framework in Frameworks */,
			);
			runOnlyForDeploymentPostprocessing = 0;
		};
/* End PBXFrameworksBuildPhase section */

/* Begin PBXGroup section */
		1A52116F09609EC0DFCE4355 /* Pods */ = {
			isa = PBXGroup;
			children = (
				DCEE196654A1AF15BCC0C430 /* Pods-RxFiregram.debug.xcconfig */,
				67909FF36F6908237E343915 /* Pods-RxFiregram.test.xcconfig */,
				6E0226416E341264E997DF28 /* Pods-RxFiregram.release.xcconfig */,
				804DB5C3A037838A487E2A83 /* Pods-RxFiregram-RxFiregramUITests.debug.xcconfig */,
				EF2E7B232C6D59193F487B7B /* Pods-RxFiregram-RxFiregramUITests.test.xcconfig */,
				A21C783A46DC3863B7973274 /* Pods-RxFiregram-RxFiregramUITests.release.xcconfig */,
				03AB97867766D09D307D4A83 /* Pods-RxFiregramTests.debug.xcconfig */,
				EE0B71BC1A2C3673CA8A3942 /* Pods-RxFiregramTests.test.xcconfig */,
				355A69B1FEB2E981ED555C06 /* Pods-RxFiregramTests.release.xcconfig */,
				2A3AA1E97F26631AA50AEDD4 /* Pods-RxFiregram.testing.xcconfig */,
				E136917C49DC152C07BA19DE /* Pods-RxFiregram-RxFiregramUITests.testing.xcconfig */,
				B85088B9725AFF3D893367F2 /* Pods-RxFiregramTests.testing.xcconfig */,
			);
			path = Pods;
			sourceTree = "<group>";
		};
		4A78EECA392D519221678090 /* Frameworks */ = {
			isa = PBXGroup;
			children = (
				F0A37AC590F601814F0FD8C9 /* Pods_RxFiregram.framework */,
				673D89F9A1C757A952DEF813 /* Pods_RxFiregram_RxFiregramUITests.framework */,
				31F666251294E1DA6E17CD48 /* Pods_RxFiregramTests.framework */,
			);
			name = Frameworks;
			sourceTree = "<group>";
		};
		D00554772579D60800EB5B50 /* Protocols */ = {
			isa = PBXGroup;
			children = (
				D00554802579D63E00EB5B50 /* BindableType.swift */,
				D04A22C2257C27D300BEDED2 /* FirebaseServiceType.swift */,
				D00554512579D4A300EB5B50 /* SceneCoordinatorType.swift */,
				D005544C2579D49800EB5B50 /* SceneTransitionType.swift */,
				D005547B2579D62600EB5B50 /* ViewModelType.swift */,
				D0B41BA32586913800DDE0FA /* ValidationServiceType.swift */,
			);
			path = Protocols;
			sourceTree = "<group>";
		};
		D02F97A0257D181B00F58B35 /* Mocks */ = {
			isa = PBXGroup;
			children = (
				D02F97A1257D182E00F58B35 /* MockFirebaseService.swift */,
			);
			path = Mocks;
			sourceTree = "<group>";
		};
		D0342E06258B003500D75599 /* Landing */ = {
			isa = PBXGroup;
			children = (
				D0342E74258D8A6000D75599 /* LandingViewController.swift */,
				D0342E79258D8A6A00D75599 /* LandingViewModel.swift */,
				D0342E7E258D8A7100D75599 /* LandingView.swift */,
			);
			path = Landing;
			sourceTree = "<group>";
		};
		D0342E1C258B007200D75599 /* Views */ = {
			isa = PBXGroup;
			children = (
				D0342E4A258C413000D75599 /* FormView.swift */,
				D0342EB0258EBCF100D75599 /* SignUpView.swift */,
			);
			path = Views;
			sourceTree = "<group>";
		};
		D04A22AA257C204D00BEDED2 /* SignIn */ = {
			isa = PBXGroup;
			children = (
				D04A22AB257C205F00BEDED2 /* SignInViewController.swift */,
				D0342E83258E349200D75599 /* SignInView.swift */,
				D0342E8B258E380400D75599 /* SignInViewModel.swift */,
			);
			path = SignIn;
			sourceTree = "<group>";
		};
		D0AD662925772D4700AF6BC1 = {
			isa = PBXGroup;
			children = (
				D0AD663425772D4700AF6BC1 /* RxFiregram */,
				D0AD664B25772D4900AF6BC1 /* RxFiregramTests */,
				D0AD665625772D4900AF6BC1 /* RxFiregramUITests */,
				D0AD663325772D4700AF6BC1 /* Products */,
				1A52116F09609EC0DFCE4355 /* Pods */,
				4A78EECA392D519221678090 /* Frameworks */,
			);
			sourceTree = "<group>";
		};
		D0AD663325772D4700AF6BC1 /* Products */ = {
			isa = PBXGroup;
			children = (
				D0AD663225772D4700AF6BC1 /* RxFiregram.app */,
				D0AD664825772D4900AF6BC1 /* RxFiregramTests.xctest */,
				D0AD665325772D4900AF6BC1 /* RxFiregramUITests.xctest */,
			);
			name = Products;
			sourceTree = "<group>";
		};
		D0AD663425772D4700AF6BC1 /* RxFiregram */ = {
			isa = PBXGroup;
			children = (
				D0AD667425772D9B00AF6BC1 /* Application */,
				D0AD667925772DBC00AF6BC1 /* Assets */,
				D0AD667825772DB400AF6BC1 /* Common */,
				D0AD667C25772EAA00AF6BC1 /* Coordinator */,
				D0AD667E25772EB500AF6BC1 /* DI */,
				D0AD667625772DA700AF6BC1 /* Extensions */,
				D02F97A0257D181B00F58B35 /* Mocks */,
				D0AD667525772DA300AF6BC1 /* Models */,
				D00554772579D60800EB5B50 /* Protocols */,
				D0AD667A25772E7800AF6BC1 /* Scenes */,
				D0AD667B25772EA200AF6BC1 /* Services */,
				D0AD667D25772EB100AF6BC1 /* Views */,
			);
			path = RxFiregram;
			sourceTree = "<group>";
		};
		D0AD664B25772D4900AF6BC1 /* RxFiregramTests */ = {
			isa = PBXGroup;
			children = (
				D0AD664C25772D4900AF6BC1 /* RxFiregramTests.swift */,
				D0AD664E25772D4900AF6BC1 /* Info.plist */,
				D02F97B6257D210500F58B35 /* SignUpViewModelTests.swift */,
			);
			path = RxFiregramTests;
			sourceTree = "<group>";
		};
		D0AD665625772D4900AF6BC1 /* RxFiregramUITests */ = {
			isa = PBXGroup;
			children = (
				D0AD665725772D4900AF6BC1 /* RxFiregramUITests.swift */,
				D0AD665925772D4900AF6BC1 /* Info.plist */,
			);
			path = RxFiregramUITests;
			sourceTree = "<group>";
		};
		D0AD667425772D9B00AF6BC1 /* Application */ = {
			isa = PBXGroup;
			children = (
				D0AD663525772D4700AF6BC1 /* AppDelegate.swift */,
				D04A239C257C2B9F00BEDED2 /* GoogleService-Info.plist */,
				D0AD664325772D4800AF6BC1 /* Info.plist */,
			);
			path = Application;
			sourceTree = "<group>";
		};
		D0AD667525772DA300AF6BC1 /* Models */ = {
			isa = PBXGroup;
			children = (
				D04A23A5257C2BF000BEDED2 /* User.swift */,
				D02F97A9257D1B0200F58B35 /* AuthData.swift */,
			);
			path = Models;
			sourceTree = "<group>";
		};
		D0AD667625772DA700AF6BC1 /* Extensions */ = {
			isa = PBXGroup;
			children = (
				D0AD668525772EE700AF6BC1 /* Rx */,
				D00554C8257A53C400EB5B50 /* UIView+Extensions.swift */,
				D02F9703257C4AA100F58B35 /* String+Extensions.swift */,
			);
			path = Extensions;
			sourceTree = "<group>";
		};
		D0AD667825772DB400AF6BC1 /* Common */ = {
			isa = PBXGroup;
			children = (
				D04A22A0257C184300BEDED2 /* Resources.swift */,
				D0AD668025772ED700AF6BC1 /* ViewController.swift */,
				D02F9C83257F030500F58B35 /* ActivityIndicator.swift */,
				D02F9C88257F031E00F58B35 /* ErrorTracker.swift */,
			);
			path = Common;
			sourceTree = "<group>";
		};
		D0AD667925772DBC00AF6BC1 /* Assets */ = {
			isa = PBXGroup;
			children = (
				D0AD663E25772D4800AF6BC1 /* Assets.xcassets */,
				D0AD664025772D4800AF6BC1 /* LaunchScreen.storyboard */,
			);
			path = Assets;
			sourceTree = "<group>";
		};
		D0AD667A25772E7800AF6BC1 /* Scenes */ = {
			isa = PBXGroup;
			children = (
				D0342E06258B003500D75599 /* Landing */,
				D04A22AA257C204D00BEDED2 /* SignIn */,
				D0AD667F25772ECB00AF6BC1 /* SignUp */,
			);
			path = Scenes;
			sourceTree = "<group>";
		};
		D0AD667B25772EA200AF6BC1 /* Services */ = {
			isa = PBXGroup;
			children = (
				D04A22B8257C27C300BEDED2 /* FirebaseService.swift */,
				D0B41B9E2586910D00DDE0FA /* ValidationService.swift */,
			);
			path = Services;
			sourceTree = "<group>";
		};
		D0AD667C25772EAA00AF6BC1 /* Coordinator */ = {
			isa = PBXGroup;
			children = (
				D00554472579D48E00EB5B50 /* Scene.swift */,
				D00554562579D4AD00EB5B50 /* SceneCoordinator.swift */,
			);
			path = Coordinator;
			sourceTree = "<group>";
		};
		D0AD667D25772EB100AF6BC1 /* Views */ = {
			isa = PBXGroup;
			children = (
				D0342E3A258C3FA600D75599 /* BackButton.swift */,
				D04A22A5257C18E800BEDED2 /* ErrorLabel.swift */,
				D00554C3257A538500EB5B50 /* FormButton.swift */,
				D0342E45258C40D900D75599 /* FormLabel.swift */,
				D00554BE257A536E00EB5B50 /* FormTextField.swift */,
				D00554B9257A536000EB5B50 /* InstagramLogo.swift */,
			);
			path = Views;
			sourceTree = "<group>";
		};
		D0AD667E25772EB500AF6BC1 /* DI */ = {
			isa = PBXGroup;
			children = (
				D00554632579D59B00EB5B50 /* AppDelegate+Injection.swift */,
			);
			path = DI;
			sourceTree = "<group>";
		};
		D0AD667F25772ECB00AF6BC1 /* SignUp */ = {
			isa = PBXGroup;
			children = (
				D0342E1C258B007200D75599 /* Views */,
				D0342E2D258C2E8600D75599 /* SignUpViewController.swift */,
				D0342E32258C2F0D00D75599 /* SignUpViewModel.swift */,
			);
			path = SignUp;
			sourceTree = "<group>";
		};
		D0AD668525772EE700AF6BC1 /* Rx */ = {
			isa = PBXGroup;
			children = (
				D005545B2579D53000EB5B50 /* Observable+Extensions.swift */,
				D005548A2579D76600EB5B50 /* Reactive+Extensions.swift */,
				D04A22B3257C246C00BEDED2 /* UIButton+Rx.swift */,
				D00554852579D6FE00EB5B50 /* UIViewController+Rx.swift */,
				D02F9788257C541700F58B35 /* UILabel+Rx.swift */,
				D02F9C8D257F04C900F58B35 /* UITextField+Rx.swift */,
				D0342EB5258EBDE300D75599 /* ScrollView+Rx.swift */,
			);
			path = Rx;
			sourceTree = "<group>";
		};
/* End PBXGroup section */

/* Begin PBXNativeTarget section */
		D0AD663125772D4700AF6BC1 /* RxFiregram */ = {
			isa = PBXNativeTarget;
			buildConfigurationList = D0AD665C25772D4900AF6BC1 /* Build configuration list for PBXNativeTarget "RxFiregram" */;
			buildPhases = (
				BDF06AA1C64C23DD792ED779 /* [CP] Check Pods Manifest.lock */,
				D0AD662E25772D4700AF6BC1 /* Sources */,
				D0AD662F25772D4700AF6BC1 /* Frameworks */,
				D0AD663025772D4700AF6BC1 /* Resources */,
				0CBA47EFF5CCC42D5B2AAA3C /* [CP] Embed Pods Frameworks */,
			);
			buildRules = (
			);
			dependencies = (
			);
			name = RxFiregram;
			productName = RxFiregram;
			productReference = D0AD663225772D4700AF6BC1 /* RxFiregram.app */;
			productType = "com.apple.product-type.application";
		};
		D0AD664725772D4900AF6BC1 /* RxFiregramTests */ = {
			isa = PBXNativeTarget;
			buildConfigurationList = D0AD665F25772D4900AF6BC1 /* Build configuration list for PBXNativeTarget "RxFiregramTests" */;
			buildPhases = (
				A6642307A53CD36B9F331E7C /* [CP] Check Pods Manifest.lock */,
				D0AD664425772D4900AF6BC1 /* Sources */,
				D0AD664525772D4900AF6BC1 /* Frameworks */,
				D0AD664625772D4900AF6BC1 /* Resources */,
				560F360BFE4E38422C62634E /* [CP] Embed Pods Frameworks */,
			);
			buildRules = (
			);
			dependencies = (
				D0AD664A25772D4900AF6BC1 /* PBXTargetDependency */,
			);
			name = RxFiregramTests;
			productName = RxFiregramTests;
			productReference = D0AD664825772D4900AF6BC1 /* RxFiregramTests.xctest */;
			productType = "com.apple.product-type.bundle.unit-test";
		};
		D0AD665225772D4900AF6BC1 /* RxFiregramUITests */ = {
			isa = PBXNativeTarget;
			buildConfigurationList = D0AD666225772D4900AF6BC1 /* Build configuration list for PBXNativeTarget "RxFiregramUITests" */;
			buildPhases = (
				42AC998E43A7D91A7EF630C6 /* [CP] Check Pods Manifest.lock */,
				D0AD664F25772D4900AF6BC1 /* Sources */,
				D0AD665025772D4900AF6BC1 /* Frameworks */,
				D0AD665125772D4900AF6BC1 /* Resources */,
				D785F262B72EDEA33240E33F /* [CP] Embed Pods Frameworks */,
			);
			buildRules = (
			);
			dependencies = (
				D0AD665525772D4900AF6BC1 /* PBXTargetDependency */,
			);
			name = RxFiregramUITests;
			productName = RxFiregramUITests;
			productReference = D0AD665325772D4900AF6BC1 /* RxFiregramUITests.xctest */;
			productType = "com.apple.product-type.bundle.ui-testing";
		};
/* End PBXNativeTarget section */

/* Begin PBXProject section */
		D0AD662A25772D4700AF6BC1 /* Project object */ = {
			isa = PBXProject;
			attributes = {
				LastSwiftUpdateCheck = 1200;
				LastUpgradeCheck = 1200;
				TargetAttributes = {
					D0AD663125772D4700AF6BC1 = {
						CreatedOnToolsVersion = 12.0.1;
					};
					D0AD664725772D4900AF6BC1 = {
						CreatedOnToolsVersion = 12.0.1;
						TestTargetID = D0AD663125772D4700AF6BC1;
					};
					D0AD665225772D4900AF6BC1 = {
						CreatedOnToolsVersion = 12.0.1;
						TestTargetID = D0AD663125772D4700AF6BC1;
					};
				};
			};
			buildConfigurationList = D0AD662D25772D4700AF6BC1 /* Build configuration list for PBXProject "RxFiregram" */;
			compatibilityVersion = "Xcode 9.3";
			developmentRegion = en;
			hasScannedForEncodings = 0;
			knownRegions = (
				en,
				Base,
			);
			mainGroup = D0AD662925772D4700AF6BC1;
			productRefGroup = D0AD663325772D4700AF6BC1 /* Products */;
			projectDirPath = "";
			projectRoot = "";
			targets = (
				D0AD663125772D4700AF6BC1 /* RxFiregram */,
				D0AD664725772D4900AF6BC1 /* RxFiregramTests */,
				D0AD665225772D4900AF6BC1 /* RxFiregramUITests */,
			);
		};
/* End PBXProject section */

/* Begin PBXResourcesBuildPhase section */
		D0AD663025772D4700AF6BC1 /* Resources */ = {
			isa = PBXResourcesBuildPhase;
			buildActionMask = 2147483647;
			files = (
				D0AD664225772D4800AF6BC1 /* LaunchScreen.storyboard in Resources */,
				D04A239D257C2B9F00BEDED2 /* GoogleService-Info.plist in Resources */,
				D0AD663F25772D4800AF6BC1 /* Assets.xcassets in Resources */,
			);
			runOnlyForDeploymentPostprocessing = 0;
		};
		D0AD664625772D4900AF6BC1 /* Resources */ = {
			isa = PBXResourcesBuildPhase;
			buildActionMask = 2147483647;
			files = (
			);
			runOnlyForDeploymentPostprocessing = 0;
		};
		D0AD665125772D4900AF6BC1 /* Resources */ = {
			isa = PBXResourcesBuildPhase;
			buildActionMask = 2147483647;
			files = (
			);
			runOnlyForDeploymentPostprocessing = 0;
		};
/* End PBXResourcesBuildPhase section */

/* Begin PBXShellScriptBuildPhase section */
		0CBA47EFF5CCC42D5B2AAA3C /* [CP] Embed Pods Frameworks */ = {
			isa = PBXShellScriptBuildPhase;
			buildActionMask = 2147483647;
			files = (
			);
			inputFileListPaths = (
				"${PODS_ROOT}/Target Support Files/Pods-RxFiregram/Pods-RxFiregram-frameworks-${CONFIGURATION}-input-files.xcfilelist",
			);
			name = "[CP] Embed Pods Frameworks";
			outputFileListPaths = (
				"${PODS_ROOT}/Target Support Files/Pods-RxFiregram/Pods-RxFiregram-frameworks-${CONFIGURATION}-output-files.xcfilelist",
			);
			runOnlyForDeploymentPostprocessing = 0;
			shellPath = /bin/sh;
			shellScript = "\"${PODS_ROOT}/Target Support Files/Pods-RxFiregram/Pods-RxFiregram-frameworks.sh\"\n";
			showEnvVarsInLog = 0;
		};
		42AC998E43A7D91A7EF630C6 /* [CP] Check Pods Manifest.lock */ = {
			isa = PBXShellScriptBuildPhase;
			buildActionMask = 2147483647;
			files = (
			);
			inputFileListPaths = (
			);
			inputPaths = (
				"${PODS_PODFILE_DIR_PATH}/Podfile.lock",
				"${PODS_ROOT}/Manifest.lock",
			);
			name = "[CP] Check Pods Manifest.lock";
			outputFileListPaths = (
			);
			outputPaths = (
				"$(DERIVED_FILE_DIR)/Pods-RxFiregram-RxFiregramUITests-checkManifestLockResult.txt",
			);
			runOnlyForDeploymentPostprocessing = 0;
			shellPath = /bin/sh;
			shellScript = "diff \"${PODS_PODFILE_DIR_PATH}/Podfile.lock\" \"${PODS_ROOT}/Manifest.lock\" > /dev/null\nif [ $? != 0 ] ; then\n    # print error to STDERR\n    echo \"error: The sandbox is not in sync with the Podfile.lock. Run 'pod install' or update your CocoaPods installation.\" >&2\n    exit 1\nfi\n# This output is used by Xcode 'outputs' to avoid re-running this script phase.\necho \"SUCCESS\" > \"${SCRIPT_OUTPUT_FILE_0}\"\n";
			showEnvVarsInLog = 0;
		};
		560F360BFE4E38422C62634E /* [CP] Embed Pods Frameworks */ = {
			isa = PBXShellScriptBuildPhase;
			buildActionMask = 2147483647;
			files = (
			);
			inputFileListPaths = (
				"${PODS_ROOT}/Target Support Files/Pods-RxFiregramTests/Pods-RxFiregramTests-frameworks-${CONFIGURATION}-input-files.xcfilelist",
			);
			name = "[CP] Embed Pods Frameworks";
			outputFileListPaths = (
				"${PODS_ROOT}/Target Support Files/Pods-RxFiregramTests/Pods-RxFiregramTests-frameworks-${CONFIGURATION}-output-files.xcfilelist",
			);
			runOnlyForDeploymentPostprocessing = 0;
			shellPath = /bin/sh;
			shellScript = "\"${PODS_ROOT}/Target Support Files/Pods-RxFiregramTests/Pods-RxFiregramTests-frameworks.sh\"\n";
			showEnvVarsInLog = 0;
		};
		A6642307A53CD36B9F331E7C /* [CP] Check Pods Manifest.lock */ = {
			isa = PBXShellScriptBuildPhase;
			buildActionMask = 2147483647;
			files = (
			);
			inputFileListPaths = (
			);
			inputPaths = (
				"${PODS_PODFILE_DIR_PATH}/Podfile.lock",
				"${PODS_ROOT}/Manifest.lock",
			);
			name = "[CP] Check Pods Manifest.lock";
			outputFileListPaths = (
			);
			outputPaths = (
				"$(DERIVED_FILE_DIR)/Pods-RxFiregramTests-checkManifestLockResult.txt",
			);
			runOnlyForDeploymentPostprocessing = 0;
			shellPath = /bin/sh;
			shellScript = "diff \"${PODS_PODFILE_DIR_PATH}/Podfile.lock\" \"${PODS_ROOT}/Manifest.lock\" > /dev/null\nif [ $? != 0 ] ; then\n    # print error to STDERR\n    echo \"error: The sandbox is not in sync with the Podfile.lock. Run 'pod install' or update your CocoaPods installation.\" >&2\n    exit 1\nfi\n# This output is used by Xcode 'outputs' to avoid re-running this script phase.\necho \"SUCCESS\" > \"${SCRIPT_OUTPUT_FILE_0}\"\n";
			showEnvVarsInLog = 0;
		};
		BDF06AA1C64C23DD792ED779 /* [CP] Check Pods Manifest.lock */ = {
			isa = PBXShellScriptBuildPhase;
			buildActionMask = 2147483647;
			files = (
			);
			inputFileListPaths = (
			);
			inputPaths = (
				"${PODS_PODFILE_DIR_PATH}/Podfile.lock",
				"${PODS_ROOT}/Manifest.lock",
			);
			name = "[CP] Check Pods Manifest.lock";
			outputFileListPaths = (
			);
			outputPaths = (
				"$(DERIVED_FILE_DIR)/Pods-RxFiregram-checkManifestLockResult.txt",
			);
			runOnlyForDeploymentPostprocessing = 0;
			shellPath = /bin/sh;
			shellScript = "diff \"${PODS_PODFILE_DIR_PATH}/Podfile.lock\" \"${PODS_ROOT}/Manifest.lock\" > /dev/null\nif [ $? != 0 ] ; then\n    # print error to STDERR\n    echo \"error: The sandbox is not in sync with the Podfile.lock. Run 'pod install' or update your CocoaPods installation.\" >&2\n    exit 1\nfi\n# This output is used by Xcode 'outputs' to avoid re-running this script phase.\necho \"SUCCESS\" > \"${SCRIPT_OUTPUT_FILE_0}\"\n";
			showEnvVarsInLog = 0;
		};
		D785F262B72EDEA33240E33F /* [CP] Embed Pods Frameworks */ = {
			isa = PBXShellScriptBuildPhase;
			buildActionMask = 2147483647;
			files = (
			);
			inputFileListPaths = (
				"${PODS_ROOT}/Target Support Files/Pods-RxFiregram-RxFiregramUITests/Pods-RxFiregram-RxFiregramUITests-frameworks-${CONFIGURATION}-input-files.xcfilelist",
			);
			name = "[CP] Embed Pods Frameworks";
			outputFileListPaths = (
				"${PODS_ROOT}/Target Support Files/Pods-RxFiregram-RxFiregramUITests/Pods-RxFiregram-RxFiregramUITests-frameworks-${CONFIGURATION}-output-files.xcfilelist",
			);
			runOnlyForDeploymentPostprocessing = 0;
			shellPath = /bin/sh;
			shellScript = "\"${PODS_ROOT}/Target Support Files/Pods-RxFiregram-RxFiregramUITests/Pods-RxFiregram-RxFiregramUITests-frameworks.sh\"\n";
			showEnvVarsInLog = 0;
		};
/* End PBXShellScriptBuildPhase section */

/* Begin PBXSourcesBuildPhase section */
		D0AD662E25772D4700AF6BC1 /* Sources */ = {
			isa = PBXSourcesBuildPhase;
			buildActionMask = 2147483647;
			files = (
				D00554642579D59B00EB5B50 /* AppDelegate+Injection.swift in Sources */,
				D0AD668125772ED700AF6BC1 /* ViewController.swift in Sources */,
				D0AD663625772D4700AF6BC1 /* AppDelegate.swift in Sources */,
				D04A22B4257C246C00BEDED2 /* UIButton+Rx.swift in Sources */,
				D00554522579D4A300EB5B50 /* SceneCoordinatorType.swift in Sources */,
				D04A22A6257C18E800BEDED2 /* ErrorLabel.swift in Sources */,
				D02F9C8E257F04C900F58B35 /* UITextField+Rx.swift in Sources */,
				D00554C4257A538500EB5B50 /* FormButton.swift in Sources */,
				D0342E7A258D8A6A00D75599 /* LandingViewModel.swift in Sources */,
				D00554BA257A536000EB5B50 /* InstagramLogo.swift in Sources */,
				D02F9789257C541700F58B35 /* UILabel+Rx.swift in Sources */,
				D02F9704257C4AA100F58B35 /* String+Extensions.swift in Sources */,
				D0342E7F258D8A7100D75599 /* LandingView.swift in Sources */,
				D00554BF257A536E00EB5B50 /* FormTextField.swift in Sources */,
				D00554812579D63E00EB5B50 /* BindableType.swift in Sources */,
				D02F9C89257F031E00F58B35 /* ErrorTracker.swift in Sources */,
				D0342E8C258E380400D75599 /* SignInViewModel.swift in Sources */,
				D0342E3B258C3FA600D75599 /* BackButton.swift in Sources */,
				D04A22A1257C184300BEDED2 /* Resources.swift in Sources */,
				D00554862579D6FE00EB5B50 /* UIViewController+Rx.swift in Sources */,
				D02F9C84257F030500F58B35 /* ActivityIndicator.swift in Sources */,
				D02F97A2257D182E00F58B35 /* MockFirebaseService.swift in Sources */,
				D0342E33258C2F0D00D75599 /* SignUpViewModel.swift in Sources */,
				D04A22B9257C27C300BEDED2 /* FirebaseService.swift in Sources */,
				D0342E84258E349200D75599 /* SignInView.swift in Sources */,
				D0342EB6258EBDE300D75599 /* ScrollView+Rx.swift in Sources */,
				D0342E2E258C2E8600D75599 /* SignUpViewController.swift in Sources */,
				D04A22C3257C27D300BEDED2 /* FirebaseServiceType.swift in Sources */,
				D00554C9257A53C400EB5B50 /* UIView+Extensions.swift in Sources */,
				D04A23A6257C2BF000BEDED2 /* User.swift in Sources */,
				D0342E4B258C413000D75599 /* FormView.swift in Sources */,
				D00554572579D4AD00EB5B50 /* SceneCoordinator.swift in Sources */,
				D0342EB1258EBCF100D75599 /* SignUpView.swift in Sources */,
				D02F97AA257D1B0200F58B35 /* AuthData.swift in Sources */,
				D0B41BA42586913800DDE0FA /* ValidationServiceType.swift in Sources */,
				D005547C2579D62600EB5B50 /* ViewModelType.swift in Sources */,
				D005545C2579D53000EB5B50 /* Observable+Extensions.swift in Sources */,
				D00554482579D48E00EB5B50 /* Scene.swift in Sources */,
				D0B41B9F2586910D00DDE0FA /* ValidationService.swift in Sources */,
				D005544D2579D49800EB5B50 /* SceneTransitionType.swift in Sources */,
				D04A22AC257C205F00BEDED2 /* SignInViewController.swift in Sources */,
				D0342E46258C40D900D75599 /* FormLabel.swift in Sources */,
				D0342E75258D8A6000D75599 /* LandingViewController.swift in Sources */,
				D005548B2579D76600EB5B50 /* Reactive+Extensions.swift in Sources */,
			);
			runOnlyForDeploymentPostprocessing = 0;
		};
		D0AD664425772D4900AF6BC1 /* Sources */ = {
			isa = PBXSourcesBuildPhase;
			buildActionMask = 2147483647;
			files = (
				D02F97B7257D210500F58B35 /* SignUpViewModelTests.swift in Sources */,
				D0AD664D25772D4900AF6BC1 /* RxFiregramTests.swift in Sources */,
			);
			runOnlyForDeploymentPostprocessing = 0;
		};
		D0AD664F25772D4900AF6BC1 /* Sources */ = {
			isa = PBXSourcesBuildPhase;
			buildActionMask = 2147483647;
			files = (
				D0AD665825772D4900AF6BC1 /* RxFiregramUITests.swift in Sources */,
			);
			runOnlyForDeploymentPostprocessing = 0;
		};
/* End PBXSourcesBuildPhase section */

/* Begin PBXTargetDependency section */
		D0AD664A25772D4900AF6BC1 /* PBXTargetDependency */ = {
			isa = PBXTargetDependency;
			target = D0AD663125772D4700AF6BC1 /* RxFiregram */;
			targetProxy = D0AD664925772D4900AF6BC1 /* PBXContainerItemProxy */;
		};
		D0AD665525772D4900AF6BC1 /* PBXTargetDependency */ = {
			isa = PBXTargetDependency;
			target = D0AD663125772D4700AF6BC1 /* RxFiregram */;
			targetProxy = D0AD665425772D4900AF6BC1 /* PBXContainerItemProxy */;
		};
/* End PBXTargetDependency section */

/* Begin PBXVariantGroup section */
		D0AD664025772D4800AF6BC1 /* LaunchScreen.storyboard */ = {
			isa = PBXVariantGroup;
			children = (
				D0AD664125772D4800AF6BC1 /* Base */,
			);
			name = LaunchScreen.storyboard;
			sourceTree = "<group>";
		};
/* End PBXVariantGroup section */

/* Begin XCBuildConfiguration section */
		D02F9BB0257DB3AE00F58B35 /* Testing */ = {
			isa = XCBuildConfiguration;
			buildSettings = {
				ALWAYS_SEARCH_USER_PATHS = NO;
				CLANG_ANALYZER_NONNULL = YES;
				CLANG_ANALYZER_NUMBER_OBJECT_CONVERSION = YES_AGGRESSIVE;
				CLANG_CXX_LANGUAGE_STANDARD = "gnu++14";
				CLANG_CXX_LIBRARY = "libc++";
				CLANG_ENABLE_MODULES = YES;
				CLANG_ENABLE_OBJC_ARC = YES;
				CLANG_ENABLE_OBJC_WEAK = YES;
				CLANG_WARN_BLOCK_CAPTURE_AUTORELEASING = YES;
				CLANG_WARN_BOOL_CONVERSION = YES;
				CLANG_WARN_COMMA = YES;
				CLANG_WARN_CONSTANT_CONVERSION = YES;
				CLANG_WARN_DEPRECATED_OBJC_IMPLEMENTATIONS = YES;
				CLANG_WARN_DIRECT_OBJC_ISA_USAGE = YES_ERROR;
				CLANG_WARN_DOCUMENTATION_COMMENTS = YES;
				CLANG_WARN_EMPTY_BODY = YES;
				CLANG_WARN_ENUM_CONVERSION = YES;
				CLANG_WARN_INFINITE_RECURSION = YES;
				CLANG_WARN_INT_CONVERSION = YES;
				CLANG_WARN_NON_LITERAL_NULL_CONVERSION = YES;
				CLANG_WARN_OBJC_IMPLICIT_RETAIN_SELF = YES;
				CLANG_WARN_OBJC_LITERAL_CONVERSION = YES;
				CLANG_WARN_OBJC_ROOT_CLASS = YES_ERROR;
				CLANG_WARN_QUOTED_INCLUDE_IN_FRAMEWORK_HEADER = YES;
				CLANG_WARN_RANGE_LOOP_ANALYSIS = YES;
				CLANG_WARN_STRICT_PROTOTYPES = YES;
				CLANG_WARN_SUSPICIOUS_MOVE = YES;
				CLANG_WARN_UNGUARDED_AVAILABILITY = YES_AGGRESSIVE;
				CLANG_WARN_UNREACHABLE_CODE = YES;
				CLANG_WARN__DUPLICATE_METHOD_MATCH = YES;
				COPY_PHASE_STRIP = NO;
				DEBUG_INFORMATION_FORMAT = dwarf;
				ENABLE_STRICT_OBJC_MSGSEND = YES;
				ENABLE_TESTABILITY = YES;
				GCC_C_LANGUAGE_STANDARD = gnu11;
				GCC_DYNAMIC_NO_PIC = NO;
				GCC_NO_COMMON_BLOCKS = YES;
				GCC_OPTIMIZATION_LEVEL = 0;
				GCC_PREPROCESSOR_DEFINITIONS = (
					"DEBUG=1",
					"$(inherited)",
				);
				GCC_WARN_64_TO_32_BIT_CONVERSION = YES;
				GCC_WARN_ABOUT_RETURN_TYPE = YES_ERROR;
				GCC_WARN_UNDECLARED_SELECTOR = YES;
				GCC_WARN_UNINITIALIZED_AUTOS = YES_AGGRESSIVE;
				GCC_WARN_UNUSED_FUNCTION = YES;
				GCC_WARN_UNUSED_VARIABLE = YES;
				IPHONEOS_DEPLOYMENT_TARGET = 12.0;
				MTL_ENABLE_DEBUG_INFO = INCLUDE_SOURCE;
				MTL_FAST_MATH = YES;
				ONLY_ACTIVE_ARCH = YES;
				SDKROOT = iphoneos;
				SWIFT_ACTIVE_COMPILATION_CONDITIONS = TEST;
				SWIFT_OPTIMIZATION_LEVEL = "-Onone";
			};
			name = Testing;
		};
		D02F9BB1257DB3AE00F58B35 /* Testing */ = {
			isa = XCBuildConfiguration;
			baseConfigurationReference = 2A3AA1E97F26631AA50AEDD4 /* Pods-RxFiregram.testing.xcconfig */;
			buildSettings = {
				ASSETCATALOG_COMPILER_APPICON_NAME = AppIcon;
				ASSETCATALOG_COMPILER_GLOBAL_ACCENT_COLOR_NAME = AccentColor;
				CODE_SIGN_STYLE = Automatic;
				DEVELOPMENT_TEAM = TM5A3549LK;
				INFOPLIST_FILE = RxFiregram/Application/Info.plist;
				IPHONEOS_DEPLOYMENT_TARGET = 12.0;
				LD_RUNPATH_SEARCH_PATHS = (
					"$(inherited)",
					"@executable_path/Frameworks",
				);
				PRODUCT_BUNDLE_IDENTIFIER = justinproductions.RxxFiregram;
				PRODUCT_NAME = "$(TARGET_NAME)";
				SWIFT_ACTIVE_COMPILATION_CONDITIONS = TEST;
				SWIFT_VERSION = 5.0;
				TARGETED_DEVICE_FAMILY = "1,2";
			};
			name = Testing;
		};
		D02F9BB2257DB3AE00F58B35 /* Testing */ = {
			isa = XCBuildConfiguration;
			baseConfigurationReference = B85088B9725AFF3D893367F2 /* Pods-RxFiregramTests.testing.xcconfig */;
			buildSettings = {
				ALWAYS_EMBED_SWIFT_STANDARD_LIBRARIES = YES;
				BUNDLE_LOADER = "$(TEST_HOST)";
				CODE_SIGN_STYLE = Automatic;
				DEVELOPMENT_TEAM = TM5A3549LK;
				EXCLUDED_ARCHS = "";
				FRAMEWORK_SEARCH_PATHS = (
					"$(inherited)",
					"\"$(PLATFORM_DIR)/Developer/Library/Frameworks\"",
					"\"${PODS_CONFIGURATION_BUILD_DIR}/FirebaseAuth\"",
					"\"${PODS_CONFIGURATION_BUILD_DIR}/FirebaseCore\"",
					"\"${PODS_CONFIGURATION_BUILD_DIR}/FirebaseCoreDiagnostics\"",
					"\"${PODS_CONFIGURATION_BUILD_DIR}/FirebaseDatabase\"",
					"\"${PODS_CONFIGURATION_BUILD_DIR}/FirebaseStorage\"",
					"\"${PODS_CONFIGURATION_BUILD_DIR}/GTMSessionFetcher\"",
					"\"${PODS_CONFIGURATION_BUILD_DIR}/GoogleDataTransport\"",
					"\"${PODS_CONFIGURATION_BUILD_DIR}/GoogleUtilities\"",
					"\"${PODS_CONFIGURATION_BUILD_DIR}/PromisesObjC\"",
					"\"${PODS_CONFIGURATION_BUILD_DIR}/RxBlocking\"",
					"\"${PODS_CONFIGURATION_BUILD_DIR}/RxCocoa\"",
					"\"${PODS_CONFIGURATION_BUILD_DIR}/RxFirebase\"",
					"\"${PODS_CONFIGURATION_BUILD_DIR}/RxFirebaseAuthentication\"",
					"\"${PODS_CONFIGURATION_BUILD_DIR}/RxFirebaseDatabase\"",
					"\"${PODS_CONFIGURATION_BUILD_DIR}/RxFirebaseStorage\"",
					"\"${PODS_CONFIGURATION_BUILD_DIR}/RxSwift\"",
					"\"${PODS_CONFIGURATION_BUILD_DIR}/RxTest\"",
					"\"${PODS_CONFIGURATION_BUILD_DIR}/leveldb-library\"",
					"\"${PODS_CONFIGURATION_BUILD_DIR}/nanopb\"",
					"\"${PODS_ROOT}/CodableFirebase\"",
					"\"${PODS_ROOT}/Differentiator\"",
					"\"${PODS_ROOT}/Resolver\"",
					"\"${PODS_ROOT}/RxDataSources\"",
					"\"${PODS_ROOT}/RxRelay\"",
					"\"${PODS_ROOT}/RxSwiftExt\"",
					"\"${PODS_ROOT}/SDWebImage\"",
					"\"${PODS_ROOT}/Then\"",
					"$(SYMROOT)/Release$(EFFECTIVE_PLATFORM_NAME)",
				);
				INFOPLIST_FILE = RxFiregramTests/Info.plist;
				IPHONEOS_DEPLOYMENT_TARGET = 12.0;
				LD_RUNPATH_SEARCH_PATHS = (
					"$(inherited)",
					"@executable_path/Frameworks",
					"@loader_path/Frameworks",
				);
				ONLY_ACTIVE_ARCH = YES;
				PRODUCT_BUNDLE_IDENTIFIER = justinproductions.RxFiregramTests;
				PRODUCT_NAME = "$(TARGET_NAME)";
				SWIFT_VERSION = 5.0;
				TARGETED_DEVICE_FAMILY = "1,2";
				TEST_HOST = "$(BUILT_PRODUCTS_DIR)/RxFiregram.app/RxFiregram";
			};
			name = Testing;
		};
		D02F9BB3257DB3AE00F58B35 /* Testing */ = {
			isa = XCBuildConfiguration;
			baseConfigurationReference = E136917C49DC152C07BA19DE /* Pods-RxFiregram-RxFiregramUITests.testing.xcconfig */;
			buildSettings = {
				ALWAYS_EMBED_SWIFT_STANDARD_LIBRARIES = YES;
				CODE_SIGN_STYLE = Automatic;
				DEVELOPMENT_TEAM = TM5A3549LK;
				INFOPLIST_FILE = RxFiregramUITests/Info.plist;
				LD_RUNPATH_SEARCH_PATHS = (
					"$(inherited)",
					"@executable_path/Frameworks",
					"@loader_path/Frameworks",
				);
				PRODUCT_BUNDLE_IDENTIFIER = justinproductions.RxFiregramUITests;
				PRODUCT_NAME = "$(TARGET_NAME)";
				SWIFT_VERSION = 5.0;
				TARGETED_DEVICE_FAMILY = "1,2";
				TEST_TARGET_NAME = RxFiregram;
			};
			name = Testing;
		};
		D0AD665A25772D4900AF6BC1 /* Debug */ = {
			isa = XCBuildConfiguration;
			buildSettings = {
				ALWAYS_SEARCH_USER_PATHS = NO;
				CLANG_ANALYZER_NONNULL = YES;
				CLANG_ANALYZER_NUMBER_OBJECT_CONVERSION = YES_AGGRESSIVE;
				CLANG_CXX_LANGUAGE_STANDARD = "gnu++14";
				CLANG_CXX_LIBRARY = "libc++";
				CLANG_ENABLE_MODULES = YES;
				CLANG_ENABLE_OBJC_ARC = YES;
				CLANG_ENABLE_OBJC_WEAK = YES;
				CLANG_WARN_BLOCK_CAPTURE_AUTORELEASING = YES;
				CLANG_WARN_BOOL_CONVERSION = YES;
				CLANG_WARN_COMMA = YES;
				CLANG_WARN_CONSTANT_CONVERSION = YES;
				CLANG_WARN_DEPRECATED_OBJC_IMPLEMENTATIONS = YES;
				CLANG_WARN_DIRECT_OBJC_ISA_USAGE = YES_ERROR;
				CLANG_WARN_DOCUMENTATION_COMMENTS = YES;
				CLANG_WARN_EMPTY_BODY = YES;
				CLANG_WARN_ENUM_CONVERSION = YES;
				CLANG_WARN_INFINITE_RECURSION = YES;
				CLANG_WARN_INT_CONVERSION = YES;
				CLANG_WARN_NON_LITERAL_NULL_CONVERSION = YES;
				CLANG_WARN_OBJC_IMPLICIT_RETAIN_SELF = YES;
				CLANG_WARN_OBJC_LITERAL_CONVERSION = YES;
				CLANG_WARN_OBJC_ROOT_CLASS = YES_ERROR;
				CLANG_WARN_QUOTED_INCLUDE_IN_FRAMEWORK_HEADER = YES;
				CLANG_WARN_RANGE_LOOP_ANALYSIS = YES;
				CLANG_WARN_STRICT_PROTOTYPES = YES;
				CLANG_WARN_SUSPICIOUS_MOVE = YES;
				CLANG_WARN_UNGUARDED_AVAILABILITY = YES_AGGRESSIVE;
				CLANG_WARN_UNREACHABLE_CODE = YES;
				CLANG_WARN__DUPLICATE_METHOD_MATCH = YES;
				COPY_PHASE_STRIP = NO;
				DEBUG_INFORMATION_FORMAT = dwarf;
				ENABLE_STRICT_OBJC_MSGSEND = YES;
				ENABLE_TESTABILITY = YES;
				GCC_C_LANGUAGE_STANDARD = gnu11;
				GCC_DYNAMIC_NO_PIC = NO;
				GCC_NO_COMMON_BLOCKS = YES;
				GCC_OPTIMIZATION_LEVEL = 0;
				GCC_PREPROCESSOR_DEFINITIONS = (
					"DEBUG=1",
					"$(inherited)",
				);
				GCC_WARN_64_TO_32_BIT_CONVERSION = YES;
				GCC_WARN_ABOUT_RETURN_TYPE = YES_ERROR;
				GCC_WARN_UNDECLARED_SELECTOR = YES;
				GCC_WARN_UNINITIALIZED_AUTOS = YES_AGGRESSIVE;
				GCC_WARN_UNUSED_FUNCTION = YES;
				GCC_WARN_UNUSED_VARIABLE = YES;
				IPHONEOS_DEPLOYMENT_TARGET = 12.0;
				MTL_ENABLE_DEBUG_INFO = INCLUDE_SOURCE;
				MTL_FAST_MATH = YES;
				ONLY_ACTIVE_ARCH = YES;
				SDKROOT = iphoneos;
				SWIFT_ACTIVE_COMPILATION_CONDITIONS = DEBUG;
				SWIFT_OPTIMIZATION_LEVEL = "-Onone";
			};
			name = Debug;
		};
		D0AD665B25772D4900AF6BC1 /* Release */ = {
			isa = XCBuildConfiguration;
			buildSettings = {
				ALWAYS_SEARCH_USER_PATHS = NO;
				CLANG_ANALYZER_NONNULL = YES;
				CLANG_ANALYZER_NUMBER_OBJECT_CONVERSION = YES_AGGRESSIVE;
				CLANG_CXX_LANGUAGE_STANDARD = "gnu++14";
				CLANG_CXX_LIBRARY = "libc++";
				CLANG_ENABLE_MODULES = YES;
				CLANG_ENABLE_OBJC_ARC = YES;
				CLANG_ENABLE_OBJC_WEAK = YES;
				CLANG_WARN_BLOCK_CAPTURE_AUTORELEASING = YES;
				CLANG_WARN_BOOL_CONVERSION = YES;
				CLANG_WARN_COMMA = YES;
				CLANG_WARN_CONSTANT_CONVERSION = YES;
				CLANG_WARN_DEPRECATED_OBJC_IMPLEMENTATIONS = YES;
				CLANG_WARN_DIRECT_OBJC_ISA_USAGE = YES_ERROR;
				CLANG_WARN_DOCUMENTATION_COMMENTS = YES;
				CLANG_WARN_EMPTY_BODY = YES;
				CLANG_WARN_ENUM_CONVERSION = YES;
				CLANG_WARN_INFINITE_RECURSION = YES;
				CLANG_WARN_INT_CONVERSION = YES;
				CLANG_WARN_NON_LITERAL_NULL_CONVERSION = YES;
				CLANG_WARN_OBJC_IMPLICIT_RETAIN_SELF = YES;
				CLANG_WARN_OBJC_LITERAL_CONVERSION = YES;
				CLANG_WARN_OBJC_ROOT_CLASS = YES_ERROR;
				CLANG_WARN_QUOTED_INCLUDE_IN_FRAMEWORK_HEADER = YES;
				CLANG_WARN_RANGE_LOOP_ANALYSIS = YES;
				CLANG_WARN_STRICT_PROTOTYPES = YES;
				CLANG_WARN_SUSPICIOUS_MOVE = YES;
				CLANG_WARN_UNGUARDED_AVAILABILITY = YES_AGGRESSIVE;
				CLANG_WARN_UNREACHABLE_CODE = YES;
				CLANG_WARN__DUPLICATE_METHOD_MATCH = YES;
				COPY_PHASE_STRIP = NO;
				DEBUG_INFORMATION_FORMAT = "dwarf-with-dsym";
				ENABLE_NS_ASSERTIONS = NO;
				ENABLE_STRICT_OBJC_MSGSEND = YES;
				GCC_C_LANGUAGE_STANDARD = gnu11;
				GCC_NO_COMMON_BLOCKS = YES;
				GCC_WARN_64_TO_32_BIT_CONVERSION = YES;
				GCC_WARN_ABOUT_RETURN_TYPE = YES_ERROR;
				GCC_WARN_UNDECLARED_SELECTOR = YES;
				GCC_WARN_UNINITIALIZED_AUTOS = YES_AGGRESSIVE;
				GCC_WARN_UNUSED_FUNCTION = YES;
				GCC_WARN_UNUSED_VARIABLE = YES;
				IPHONEOS_DEPLOYMENT_TARGET = 12.0;
				MTL_ENABLE_DEBUG_INFO = NO;
				MTL_FAST_MATH = YES;
				SDKROOT = iphoneos;
				SWIFT_COMPILATION_MODE = wholemodule;
				SWIFT_OPTIMIZATION_LEVEL = "-O";
				VALIDATE_PRODUCT = YES;
			};
			name = Release;
		};
		D0AD665D25772D4900AF6BC1 /* Debug */ = {
			isa = XCBuildConfiguration;
			baseConfigurationReference = DCEE196654A1AF15BCC0C430 /* Pods-RxFiregram.debug.xcconfig */;
			buildSettings = {
				ASSETCATALOG_COMPILER_APPICON_NAME = AppIcon;
				ASSETCATALOG_COMPILER_GLOBAL_ACCENT_COLOR_NAME = AccentColor;
				CODE_SIGN_STYLE = Automatic;
				DEVELOPMENT_TEAM = TM5A3549LK;
				INFOPLIST_FILE = RxFiregram/Application/Info.plist;
				IPHONEOS_DEPLOYMENT_TARGET = 12.0;
				LD_RUNPATH_SEARCH_PATHS = (
					"$(inherited)",
					"@executable_path/Frameworks",
				);
				PRODUCT_BUNDLE_IDENTIFIER = justinproductions.RxxFiregram;
				PRODUCT_NAME = "$(TARGET_NAME)";
				SWIFT_VERSION = 5.0;
				TARGETED_DEVICE_FAMILY = "1,2";
			};
			name = Debug;
		};
		D0AD665E25772D4900AF6BC1 /* Release */ = {
			isa = XCBuildConfiguration;
			baseConfigurationReference = 6E0226416E341264E997DF28 /* Pods-RxFiregram.release.xcconfig */;
			buildSettings = {
				ASSETCATALOG_COMPILER_APPICON_NAME = AppIcon;
				ASSETCATALOG_COMPILER_GLOBAL_ACCENT_COLOR_NAME = AccentColor;
				CODE_SIGN_STYLE = Automatic;
				DEVELOPMENT_TEAM = TM5A3549LK;
				INFOPLIST_FILE = RxFiregram/Application/Info.plist;
				IPHONEOS_DEPLOYMENT_TARGET = 12.0;
				LD_RUNPATH_SEARCH_PATHS = (
					"$(inherited)",
					"@executable_path/Frameworks",
				);
				PRODUCT_BUNDLE_IDENTIFIER = justinproductions.RxxFiregram;
				PRODUCT_NAME = "$(TARGET_NAME)";
				SWIFT_VERSION = 5.0;
				TARGETED_DEVICE_FAMILY = "1,2";
			};
			name = Release;
		};
		D0AD666025772D4900AF6BC1 /* Debug */ = {
			isa = XCBuildConfiguration;
			baseConfigurationReference = 03AB97867766D09D307D4A83 /* Pods-RxFiregramTests.debug.xcconfig */;
			buildSettings = {
				ALWAYS_EMBED_SWIFT_STANDARD_LIBRARIES = YES;
				BUNDLE_LOADER = "$(TEST_HOST)";
				CODE_SIGN_STYLE = Automatic;
				DEVELOPMENT_TEAM = TM5A3549LK;
				EXCLUDED_ARCHS = "";
				INFOPLIST_FILE = RxFiregramTests/Info.plist;
				IPHONEOS_DEPLOYMENT_TARGET = 12.0;
				LD_RUNPATH_SEARCH_PATHS = (
					"$(inherited)",
					"@executable_path/Frameworks",
					"@loader_path/Frameworks",
				);
				ONLY_ACTIVE_ARCH = YES;
				PRODUCT_BUNDLE_IDENTIFIER = justinproductions.RxFiregramTests;
				PRODUCT_NAME = "$(TARGET_NAME)";
				SWIFT_VERSION = 5.0;
				TARGETED_DEVICE_FAMILY = "1,2";
				TEST_HOST = "$(BUILT_PRODUCTS_DIR)/RxFiregram.app/RxFiregram";
			};
			name = Debug;
		};
		D0AD666125772D4900AF6BC1 /* Release */ = {
			isa = XCBuildConfiguration;
			baseConfigurationReference = 355A69B1FEB2E981ED555C06 /* Pods-RxFiregramTests.release.xcconfig */;
			buildSettings = {
				ALWAYS_EMBED_SWIFT_STANDARD_LIBRARIES = YES;
				BUNDLE_LOADER = "$(TEST_HOST)";
				CODE_SIGN_STYLE = Automatic;
				DEVELOPMENT_TEAM = TM5A3549LK;
				EXCLUDED_ARCHS = "";
				INFOPLIST_FILE = RxFiregramTests/Info.plist;
				IPHONEOS_DEPLOYMENT_TARGET = 12.0;
				LD_RUNPATH_SEARCH_PATHS = (
					"$(inherited)",
					"@executable_path/Frameworks",
					"@loader_path/Frameworks",
				);
				ONLY_ACTIVE_ARCH = NO;
				PRODUCT_BUNDLE_IDENTIFIER = justinproductions.RxFiregramTests;
				PRODUCT_NAME = "$(TARGET_NAME)";
				SWIFT_VERSION = 5.0;
				TARGETED_DEVICE_FAMILY = "1,2";
				TEST_HOST = "$(BUILT_PRODUCTS_DIR)/RxFiregram.app/RxFiregram";
			};
			name = Release;
		};
		D0AD666325772D4900AF6BC1 /* Debug */ = {
			isa = XCBuildConfiguration;
			baseConfigurationReference = 804DB5C3A037838A487E2A83 /* Pods-RxFiregram-RxFiregramUITests.debug.xcconfig */;
			buildSettings = {
				ALWAYS_EMBED_SWIFT_STANDARD_LIBRARIES = YES;
				CODE_SIGN_STYLE = Automatic;
				DEVELOPMENT_TEAM = TM5A3549LK;
				INFOPLIST_FILE = RxFiregramUITests/Info.plist;
				LD_RUNPATH_SEARCH_PATHS = (
					"$(inherited)",
					"@executable_path/Frameworks",
					"@loader_path/Frameworks",
				);
				PRODUCT_BUNDLE_IDENTIFIER = justinproductions.RxFiregramUITests;
				PRODUCT_NAME = "$(TARGET_NAME)";
				SWIFT_VERSION = 5.0;
				TARGETED_DEVICE_FAMILY = "1,2";
				TEST_TARGET_NAME = RxFiregram;
			};
			name = Debug;
		};
		D0AD666425772D4900AF6BC1 /* Release */ = {
			isa = XCBuildConfiguration;
			baseConfigurationReference = A21C783A46DC3863B7973274 /* Pods-RxFiregram-RxFiregramUITests.release.xcconfig */;
			buildSettings = {
				ALWAYS_EMBED_SWIFT_STANDARD_LIBRARIES = YES;
				CODE_SIGN_STYLE = Automatic;
				DEVELOPMENT_TEAM = TM5A3549LK;
				INFOPLIST_FILE = RxFiregramUITests/Info.plist;
				LD_RUNPATH_SEARCH_PATHS = (
					"$(inherited)",
					"@executable_path/Frameworks",
					"@loader_path/Frameworks",
				);
				PRODUCT_BUNDLE_IDENTIFIER = justinproductions.RxFiregramUITests;
				PRODUCT_NAME = "$(TARGET_NAME)";
				SWIFT_VERSION = 5.0;
				TARGETED_DEVICE_FAMILY = "1,2";
				TEST_TARGET_NAME = RxFiregram;
			};
			name = Release;
		};
/* End XCBuildConfiguration section */

/* Begin XCConfigurationList section */
		D0AD662D25772D4700AF6BC1 /* Build configuration list for PBXProject "RxFiregram" */ = {
			isa = XCConfigurationList;
			buildConfigurations = (
				D0AD665A25772D4900AF6BC1 /* Debug */,
				D02F9BB0257DB3AE00F58B35 /* Testing */,
				D0AD665B25772D4900AF6BC1 /* Release */,
			);
			defaultConfigurationIsVisible = 0;
			defaultConfigurationName = Release;
		};
		D0AD665C25772D4900AF6BC1 /* Build configuration list for PBXNativeTarget "RxFiregram" */ = {
			isa = XCConfigurationList;
			buildConfigurations = (
				D0AD665D25772D4900AF6BC1 /* Debug */,
				D02F9BB1257DB3AE00F58B35 /* Testing */,
				D0AD665E25772D4900AF6BC1 /* Release */,
			);
			defaultConfigurationIsVisible = 0;
			defaultConfigurationName = Release;
		};
		D0AD665F25772D4900AF6BC1 /* Build configuration list for PBXNativeTarget "RxFiregramTests" */ = {
			isa = XCConfigurationList;
			buildConfigurations = (
				D0AD666025772D4900AF6BC1 /* Debug */,
				D02F9BB2257DB3AE00F58B35 /* Testing */,
				D0AD666125772D4900AF6BC1 /* Release */,
			);
			defaultConfigurationIsVisible = 0;
			defaultConfigurationName = Release;
		};
		D0AD666225772D4900AF6BC1 /* Build configuration list for PBXNativeTarget "RxFiregramUITests" */ = {
			isa = XCConfigurationList;
			buildConfigurations = (
				D0AD666325772D4900AF6BC1 /* Debug */,
				D02F9BB3257DB3AE00F58B35 /* Testing */,
				D0AD666425772D4900AF6BC1 /* Release */,
			);
			defaultConfigurationIsVisible = 0;
			defaultConfigurationName = Release;
		};
/* End XCConfigurationList section */
	};
	rootObject = D0AD662A25772D4700AF6BC1 /* Project object */;
}
